
Microsoft Visual Studio Solution File, Format Version 12.00
# Visual Studio Version 16
VisualStudioVersion = 16.0.29920.165
MinimumVisualStudioVersion = 10.0.40219.1
Project("{FAE04EC0-301F-11D3-BF4B-00C04F79EFBC}") = "DynamicPathfinder", "DynamicPathfinder\DynamicPathfinder.csproj", "{C3B5A201-9F88-464A-B18E-4FA44995D542}"
EndProject
Project("{FAE04EC0-301F-11D3-BF4B-00C04F79EFBC}") = "ConsoleTestingApp", "ConsoleTestingApp\ConsoleTestingApp.csproj", "{EACEE1C8-B4FE-4CED-B43D-3EA933E6DD7C}"
EndProject
Global
	GlobalSection(SolutionConfigurationPlatforms) = preSolution
		Debug|Any CPU = Debug|Any CPU
		Release|Any CPU = Release|Any CPU
	EndGlobalSection
	GlobalSection(ProjectConfigurationPlatforms) = postSolution
		{C3B5A201-9F88-464A-B18E-4FA44995D542}.Debug|Any CPU.ActiveCfg = Debug|Any CPU
		{C3B5A201-9F88-464A-B18E-4FA44995D542}.Debug|Any CPU.Build.0 = Debug|Any CPU
		{C3B5A201-9F88-464A-B18E-4FA44995D542}.Release|Any CPU.ActiveCfg = Release|Any CPU
		{C3B5A201-9F88-464A-B18E-4FA44995D542}.Release|Any CPU.Build.0 = Release|Any CPU
		{EACEE1C8-B4FE-4CED-B43D-3EA933E6DD7C}.Debug|Any CPU.ActiveCfg = Debug|Any CPU
		{EACEE1C8-B4FE-4CED-B43D-3EA933E6DD7C}.Debug|Any CPU.Build.0 = Debug|Any CPU
		{EACEE1C8-B4FE-4CED-B43D-3EA933E6DD7C}.Release|Any CPU.ActiveCfg = Release|Any CPU
		{EACEE1C8-B4FE-4CED-B43D-3EA933E6DD7C}.Release|Any CPU.Build.0 = Release|Any CPU
	EndGlobalSection
	GlobalSection(SolutionProperties) = preSolution
		HideSolutionNode = FALSE
	EndGlobalSection
	GlobalSection(ExtensibilityGlobals) = postSolution
		SolutionGuid = {D72AC46B-59BA-437B-A873-06323CE0E9B3}
	EndGlobalSection
EndGlobal
